PODS:
  - Nimble (1.0.0)
  - Quick (0.3.1)
  - tw10n (1.0.0)

DEPENDENCIES:
  - Nimble
  - Quick (~> 0.3.1)
  - tw10n (from `../`)

EXTERNAL SOURCES:
  tw10n:
    :path: "../"

SPEC CHECKSUMS:
  Nimble: 8bee528e5fcc403653076545db562d2b5db7bb87
  Quick: 824572d3d198d51e52cf4aa722cebf7e59952a35
  tw10n: 0f950a487aabafeeda8b8577247de92fa79f5f2d

COCOAPODS: 0.38.2
